
Microsoft Visual Studio Solution File, Format Version 12.00
# Visual Studio Version 17
VisualStudioVersion = 17.12.35527.113
MinimumVisualStudioVersion = 10.0.40219.1
Project("{2150E333-8FDC-42A3-9474-1A3956D46DE8}") = "Solution Items", "Solution Items", "{3AEF61C7-49DA-4860-8271-2E080F266145}"
	ProjectSection(SolutionItems) = preProject
		.editorconfig = .editorconfig
		Directory.Build.props = Directory.Build.props
	EndProjectSection
EndProject
Project("{FAE04EC0-301F-11D3-BF4B-00C04F79EFBC}") = "HtmxWebApp", "src\HtmxWebApp\HtmxWebApp.csproj", "{11EF239E-EAB4-4275-8E31-40257D54050B}"
EndProject
Global
	GlobalSection(SolutionConfigurationPlatforms) = preSolution
		Debug|Any CPU = Debug|Any CPU
		Release|Any CPU = Release|Any CPU
	EndGlobalSection
	GlobalSection(ProjectConfigurationPlatforms) = postSolution
		{11EF239E-EAB4-4275-8E31-40257D54050B}.Debug|Any CPU.ActiveCfg = Debug|Any CPU
		{11EF239E-EAB4-4275-8E31-40257D54050B}.Debug|Any CPU.Build.0 = Debug|Any CPU
		{11EF239E-EAB4-4275-8E31-40257D54050B}.Release|Any CPU.ActiveCfg = Release|Any CPU
		{11EF239E-EAB4-4275-8E31-40257D54050B}.Release|Any CPU.Build.0 = Release|Any CPU
	EndGlobalSection
	GlobalSection(SolutionProperties) = preSolution
		HideSolutionNode = FALSE
	EndGlobalSection
EndGlobal
